
Microsoft Visual Studio Solution File, Format Version 12.00
#
Project("{2150E333-8FDC-42A3-9474-1A3956D46DE8}") = "Storage", "Storage", "{30E4F29B-A026-48B8-8567-62763E523EB6}"
EndProject
Project("{FAE04EC0-301F-11D3-BF4B-00C04F79EFBC}") = "Lamina.Core", "Lamina.Core\Lamina.Core.csproj", "{3605F6E3-1B4A-4013-9896-431730F6DC13}"
EndProject
Project("{FAE04EC0-301F-11D3-BF4B-00C04F79EFBC}") = "Lamina.Storage.Core", "Lamina.Storage.Core\Lamina.Storage.Core.csproj", "{31828F0C-9367-44A1-AAA7-63CDD96FFBAB}"
EndProject
Project("{FAE04EC0-301F-11D3-BF4B-00C04F79EFBC}") = "Lamina.Storage.Filesystem", "Lamina.Storage.Filesystem\Lamina.Storage.Filesystem.csproj", "{D1E3914A-E27E-4F2D-9383-F8EBBA24C8B0}"
EndProject
Project("{FAE04EC0-301F-11D3-BF4B-00C04F79EFBC}") = "Lamina.Storage.InMemory", "Lamina.Storage.InMemory\Lamina.Storage.InMemory.csproj", "{0ABEB4CA-48B2-4416-AEDC-E51F2E1D795D}"
EndProject
Project("{FAE04EC0-301F-11D3-BF4B-00C04F79EFBC}") = "Lamina.Storage.Sql", "Lamina.Storage.Sql\Lamina.Storage.Sql.csproj", "{CFDECF2E-BA01-4182-B0CB-89596B0ABEB5}"
EndProject
Project("{FAE04EC0-301F-11D3-BF4B-00C04F79EFBC}") = "Lamina.WebApi", "Lamina.WebApi\Lamina.WebApi.csproj", "{13CB4B8E-BF5D-4DA4-A598-DA06345E9398}"
EndProject
Project("{FAE04EC0-301F-11D3-BF4B-00C04F79EFBC}") = "Lamina.Storage.Core.Tests", "Lamina.Storage.Core.Tests\Lamina.Storage.Core.Tests.csproj", "{A1B2C3D4-E5F6-7890-1234-567890ABCDEF}"
EndProject
Project("{FAE04EC0-301F-11D3-BF4B-00C04F79EFBC}") = "Lamina.Storage.Filesystem.Tests", "Lamina.Storage.Filesystem.Tests\Lamina.Storage.Filesystem.Tests.csproj", "{00000000-0000-0000-0000-000000000000}"
EndProject
Project("{FAE04EC0-301F-11D3-BF4B-00C04F79EFBC}") = "Lamina.Storage.Sql.Tests", "Lamina.Storage.Sql.Tests\Lamina.Storage.Sql.Tests.csproj", "{00000000-0000-0000-0000-000000000000}"
EndProject
Project("{FAE04EC0-301F-11D3-BF4B-00C04F79EFBC}") = "Lamina.WebApi.Tests", "Lamina.WebApi.Tests\Lamina.WebApi.Tests.csproj", "{00000000-0000-0000-0000-000000000000}"
EndProject
Global
	GlobalSection(SolutionConfigurationPlatforms) = preSolution
		Debug|Any CPU = Debug|Any CPU
		Release|Any CPU = Release|Any CPU
	EndGlobalSection
	GlobalSection(ProjectConfigurationPlatforms) = postSolution
		{3605F6E3-1B4A-4013-9896-431730F6DC13}.Debug|Any CPU.ActiveCfg = Debug|Any CPU
		{3605F6E3-1B4A-4013-9896-431730F6DC13}.Debug|Any CPU.Build.0 = Debug|Any CPU
		{3605F6E3-1B4A-4013-9896-431730F6DC13}.Release|Any CPU.ActiveCfg = Release|Any CPU
		{3605F6E3-1B4A-4013-9896-431730F6DC13}.Release|Any CPU.Build.0 = Release|Any CPU
		{31828F0C-9367-44A1-AAA7-63CDD96FFBAB}.Debug|Any CPU.ActiveCfg = Debug|Any CPU
		{31828F0C-9367-44A1-AAA7-63CDD96FFBAB}.Debug|Any CPU.Build.0 = Debug|Any CPU
		{31828F0C-9367-44A1-AAA7-63CDD96FFBAB}.Release|Any CPU.ActiveCfg = Release|Any CPU
		{31828F0C-9367-44A1-AAA7-63CDD96FFBAB}.Release|Any CPU.Build.0 = Release|Any CPU
		{D1E3914A-E27E-4F2D-9383-F8EBBA24C8B0}.Debug|Any CPU.ActiveCfg = Debug|Any CPU
		{D1E3914A-E27E-4F2D-9383-F8EBBA24C8B0}.Debug|Any CPU.Build.0 = Debug|Any CPU
		{D1E3914A-E27E-4F2D-9383-F8EBBA24C8B0}.Release|Any CPU.ActiveCfg = Release|Any CPU
		{D1E3914A-E27E-4F2D-9383-F8EBBA24C8B0}.Release|Any CPU.Build.0 = Release|Any CPU
		{0ABEB4CA-48B2-4416-AEDC-E51F2E1D795D}.Debug|Any CPU.ActiveCfg = Debug|Any CPU
		{0ABEB4CA-48B2-4416-AEDC-E51F2E1D795D}.Debug|Any CPU.Build.0 = Debug|Any CPU
		{0ABEB4CA-48B2-4416-AEDC-E51F2E1D795D}.Release|Any CPU.ActiveCfg = Release|Any CPU
		{0ABEB4CA-48B2-4416-AEDC-E51F2E1D795D}.Release|Any CPU.Build.0 = Release|Any CPU
		{CFDECF2E-BA01-4182-B0CB-89596B0ABEB5}.Debug|Any CPU.ActiveCfg = Debug|Any CPU
		{CFDECF2E-BA01-4182-B0CB-89596B0ABEB5}.Debug|Any CPU.Build.0 = Debug|Any CPU
		{CFDECF2E-BA01-4182-B0CB-89596B0ABEB5}.Release|Any CPU.ActiveCfg = Release|Any CPU
		{CFDECF2E-BA01-4182-B0CB-89596B0ABEB5}.Release|Any CPU.Build.0 = Release|Any CPU
		{13CB4B8E-BF5D-4DA4-A598-DA06345E9398}.Debug|Any CPU.ActiveCfg = Debug|Any CPU
		{13CB4B8E-BF5D-4DA4-A598-DA06345E9398}.Debug|Any CPU.Build.0 = Debug|Any CPU
		{13CB4B8E-BF5D-4DA4-A598-DA06345E9398}.Release|Any CPU.ActiveCfg = Release|Any CPU
		{13CB4B8E-BF5D-4DA4-A598-DA06345E9398}.Release|Any CPU.Build.0 = Release|Any CPU
		{A1B2C3D4-E5F6-7890-1234-567890ABCDEF}.Debug|Any CPU.ActiveCfg = Debug|Any CPU
		{A1B2C3D4-E5F6-7890-1234-567890ABCDEF}.Debug|Any CPU.Build.0 = Debug|Any CPU
		{A1B2C3D4-E5F6-7890-1234-567890ABCDEF}.Release|Any CPU.ActiveCfg = Release|Any CPU
		{A1B2C3D4-E5F6-7890-1234-567890ABCDEF}.Release|Any CPU.Build.0 = Release|Any CPU
		{00000000-0000-0000-0000-000000000000}.Debug|Any CPU.ActiveCfg = Debug|Any CPU
		{00000000-0000-0000-0000-000000000000}.Debug|Any CPU.Build.0 = Debug|Any CPU
	EndGlobalSection
	GlobalSection(NestedProjects) = preSolution
		{31828F0C-9367-44A1-AAA7-63CDD96FFBAB} = {30E4F29B-A026-48B8-8567-62763E523EB6}
		{D1E3914A-E27E-4F2D-9383-F8EBBA24C8B0} = {30E4F29B-A026-48B8-8567-62763E523EB6}
		{0ABEB4CA-48B2-4416-AEDC-E51F2E1D795D} = {30E4F29B-A026-48B8-8567-62763E523EB6}
		{CFDECF2E-BA01-4182-B0CB-89596B0ABEB5} = {30E4F29B-A026-48B8-8567-62763E523EB6}
		{A1B2C3D4-E5F6-7890-1234-567890ABCDEF} = {30E4F29B-A026-48B8-8567-62763E523EB6}
		{00000000-0000-0000-0000-000000000000} = {30E4F29B-A026-48B8-8567-62763E523EB6}
	EndGlobalSection
EndGlobal
