
Microsoft Visual Studio Solution File, Format Version 12.00
# 
Project("{FAE04EC0-301F-11D3-BF4B-00C04F79EFBC}") = "Lamina", "Lamina\Lamina.csproj", "{AD93FD55-9F19-4FCB-B4F3-7B7B20EDF367}"
EndProject
Project("{FAE04EC0-301F-11D3-BF4B-00C04F79EFBC}") = "Lamina.Tests", "Lamina.Tests\Lamina.Tests.csproj", "{C852D511-8F06-4796-AB7F-D10627601464}"
EndProject
Global
	GlobalSection(SolutionConfigurationPlatforms) = preSolution
		Debug|Any CPU = Debug|Any CPU
		Release|Any CPU = Release|Any CPU
	EndGlobalSection
	GlobalSection(ProjectConfigurationPlatforms) = postSolution
		{AD93FD55-9F19-4FCB-B4F3-7B7B20EDF367}.Debug|Any CPU.ActiveCfg = Debug|Any CPU
		{AD93FD55-9F19-4FCB-B4F3-7B7B20EDF367}.Debug|Any CPU.Build.0 = Debug|Any CPU
		{AD93FD55-9F19-4FCB-B4F3-7B7B20EDF367}.Release|Any CPU.ActiveCfg = Release|Any CPU
		{AD93FD55-9F19-4FCB-B4F3-7B7B20EDF367}.Release|Any CPU.Build.0 = Release|Any CPU
		{C852D511-8F06-4796-AB7F-D10627601464}.Debug|Any CPU.ActiveCfg = Debug|Any CPU
		{C852D511-8F06-4796-AB7F-D10627601464}.Debug|Any CPU.Build.0 = Debug|Any CPU
		{C852D511-8F06-4796-AB7F-D10627601464}.Release|Any CPU.ActiveCfg = Release|Any CPU
		{C852D511-8F06-4796-AB7F-D10627601464}.Release|Any CPU.Build.0 = Release|Any CPU
	EndGlobalSection
EndGlobal
